// !$*UTF8*$!
{
	archiveVersion = 1;
	classes = {
	};
	objectVersion = 77;
	objects = {

/* Begin PBXBuildFile section */
		7C1ADD302E9900000075A000 /* map.png in Resources */ = {isa = PBXBuildFile; fileRef = 7C1ADD312E9900000075A000 /* map.png */; };
		7C1ADD322E9900000075A000 /* agent.js in Resources */ = {isa = PBXBuildFile; fileRef = 7C1ADD332E9900000075A000 /* agent.js */; };
		7CD28A0F2E9651760075A000 /* VecturaKit in Frameworks */ = {isa = PBXBuildFile; productRef = 7CD28A0E2E9651760075A000 /* VecturaKit */; };
		7CD28A112E9651760075A000 /* VecturaMLXKit in Frameworks */ = {isa = PBXBuildFile; productRef = 7CD28A102E9651760075A000 /* VecturaMLXKit */; };
		7CD28ADA2E98EB620075A000 /* Collie.aseprite in Resources */ = {isa = PBXBuildFile; fileRef = 7CD28ACC2E98EB620075A000 /* Collie.aseprite */; };
		7CD28ADB2E98EB620075A000 /* Husky.aseprite in Resources */ = {isa = PBXBuildFile; fileRef = 7CD28ACF2E98EB620075A000 /* Husky.aseprite */; };
		7CD28ADC2E98EB620075A000 /* Labrador.aseprite in Resources */ = {isa = PBXBuildFile; fileRef = 7CD28AD02E98EB620075A000 /* Labrador.aseprite */; };
		7CD28ADD2E98EB620075A000 /* Delmatian.aseprite in Resources */ = {isa = PBXBuildFile; fileRef = 7CD28ACE2E98EB620075A000 /* Delmatian.aseprite */; };
		7CD28ADE2E98EB620075A000 /* Labrador.png in Resources */ = {isa = PBXBuildFile; fileRef = 7CD28AD62E98EB620075A000 /* Labrador.png */; };
		7CD28ADF2E98EB620075A000 /* Delmatian.png in Resources */ = {isa = PBXBuildFile; fileRef = 7CD28AD42E98EB620075A000 /* Delmatian.png */; };
		7CD28AE02E98EB620075A000 /* Collie.png in Resources */ = {isa = PBXBuildFile; fileRef = 7CD28AD22E98EB620075A000 /* Collie.png */; };
		7CD28AE12E98EB620075A000 /* Corgi.aseprite in Resources */ = {isa = PBXBuildFile; fileRef = 7CD28ACD2E98EB620075A000 /* Corgi.aseprite */; };
		7CD28AE22E98EB620075A000 /* Corgi.png in Resources */ = {isa = PBXBuildFile; fileRef = 7CD28AD32E98EB620075A000 /* Corgi.png */; };
		7CD28AE32E98EB620075A000 /* README.txt in Resources */ = {isa = PBXBuildFile; fileRef = 7CD28AD82E98EB620075A000 /* README.txt */; };
		7CD28AE42E98EB620075A000 /* Husky.png in Resources */ = {isa = PBXBuildFile; fileRef = 7CD28AD52E98EB620075A000 /* Husky.png */; };
		7CD28AE62E98F1E90075A000 /* CuteDog.mov in Resources */ = {isa = PBXBuildFile; fileRef = 7CD28AE52E98F1E90075A000 /* CuteDog.mov */; };
		7CD28AE82E98FA790075A000 /* CuteDog.gif in Resources */ = {isa = PBXBuildFile; fileRef = 7CD28AE72E98FA790075A000 /* CuteDog.gif */; };
/* End PBXBuildFile section */

/* Begin PBXFileReference section */
		7C1ADD162E962B920014E10D /* Clippy.app */ = {isa = PBXFileReference; explicitFileType = wrapper.application; includeInIndex = 0; path = Clippy.app; sourceTree = BUILT_PRODUCTS_DIR; };
		7C1ADD312E9900000075A000 /* map.png */ = {isa = PBXFileReference; lastKnownFileType = image.png; path = "Clippy/map.png"; sourceTree = "<group>"; };
		7C1ADD332E9900000075A000 /* agent.js */ = {isa = PBXFileReference; lastKnownFileType = sourcecode.javascript; path = "Clippy/agent.js"; sourceTree = "<group>"; };
		7CD28ACC2E98EB620075A000 /* Collie.aseprite */ = {isa = PBXFileReference; lastKnownFileType = file; path = Collie.aseprite; sourceTree = "<group>"; };
		7CD28ACD2E98EB620075A000 /* Corgi.aseprite */ = {isa = PBXFileReference; lastKnownFileType = file; path = Corgi.aseprite; sourceTree = "<group>"; };
		7CD28ACE2E98EB620075A000 /* Delmatian.aseprite */ = {isa = PBXFileReference; lastKnownFileType = file; path = Delmatian.aseprite; sourceTree = "<group>"; };
		7CD28ACF2E98EB620075A000 /* Husky.aseprite */ = {isa = PBXFileReference; lastKnownFileType = file; path = Husky.aseprite; sourceTree = "<group>"; };
		7CD28AD02E98EB620075A000 /* Labrador.aseprite */ = {isa = PBXFileReference; lastKnownFileType = file; path = Labrador.aseprite; sourceTree = "<group>"; };
		7CD28AD22E98EB620075A000 /* Collie.png */ = {isa = PBXFileReference; lastKnownFileType = image.png; path = Collie.png; sourceTree = "<group>"; };
		7CD28AD32E98EB620075A000 /* Corgi.png */ = {isa = PBXFileReference; lastKnownFileType = image.png; path = Corgi.png; sourceTree = "<group>"; };
		7CD28AD42E98EB620075A000 /* Delmatian.png */ = {isa = PBXFileReference; lastKnownFileType = image.png; path = Delmatian.png; sourceTree = "<group>"; };
		7CD28AD52E98EB620075A000 /* Husky.png */ = {isa = PBXFileReference; lastKnownFileType = image.png; path = Husky.png; sourceTree = "<group>"; };
		7CD28AD62E98EB620075A000 /* Labrador.png */ = {isa = PBXFileReference; lastKnownFileType = image.png; path = Labrador.png; sourceTree = "<group>"; };
		7CD28AD82E98EB620075A000 /* README.txt */ = {isa = PBXFileReference; lastKnownFileType = text; path = README.txt; sourceTree = "<group>"; };
		7CD28AE52E98F1E90075A000 /* CuteDog.mov */ = {isa = PBXFileReference; lastKnownFileType = video.quicktime; path = CuteDog.mov; sourceTree = "<group>"; };
		7CD28AE72E98FA790075A000 /* CuteDog.gif */ = {isa = PBXFileReference; lastKnownFileType = image.gif; path = CuteDog.gif; sourceTree = "<group>"; };
/* End PBXFileReference section */

/* Begin PBXFileSystemSynchronizedRootGroup section */
		7C1ADD182E962B920014E10D /* Clippy */ = {
			isa = PBXFileSystemSynchronizedRootGroup;
			path = Clippy;
			sourceTree = "<group>";
		};
/* End PBXFileSystemSynchronizedRootGroup section */

/* Begin PBXFrameworksBuildPhase section */
		7C1ADD132E962B920014E10D /* Frameworks */ = {
			isa = PBXFrameworksBuildPhase;
			buildActionMask = 2147483647;
			files = (
				7CD28A112E9651760075A000 /* VecturaMLXKit in Frameworks */,
				7CD28A0F2E9651760075A000 /* VecturaKit in Frameworks */,
			);
			runOnlyForDeploymentPostprocessing = 0;
		};
/* End PBXFrameworksBuildPhase section */

/* Begin PBXGroup section */
		7C1ADD0D2E962B920014E10D = {
			isa = PBXGroup;
			children = (
				7CD28AE52E98F1E90075A000 /* CuteDog.mov */,
				7C1ADD182E962B920014E10D /* Clippy */,
				7C1ADD172E962B920014E10D /* Products */,
				7CD28AE72E98FA790075A000 /* CuteDog.gif */,
				7C1ADD312E9900000075A000 /* map.png */,
				7C1ADD332E9900000075A000 /* agent.js */,
				7CD28AF22E9900000075A000 /* ClippyGifs */,
			);
			sourceTree = "<group>";
		};
		7C1ADD172E962B920014E10D /* Products */ = {
			isa = PBXGroup;
			children = (
				7C1ADD162E962B920014E10D /* Clippy.app */,
			);
			name = Products;
			sourceTree = "<group>";
		};
		7CD28AD12E98EB620075A000 /* ASE */ = {
			isa = PBXGroup;
			children = (
				7CD28ACC2E98EB620075A000 /* Collie.aseprite */,
				7CD28ACD2E98EB620075A000 /* Corgi.aseprite */,
				7CD28ACE2E98EB620075A000 /* Delmatian.aseprite */,
				7CD28ACF2E98EB620075A000 /* Husky.aseprite */,
				7CD28AD02E98EB620075A000 /* Labrador.aseprite */,
			);
			path = ASE;
			sourceTree = "<group>";
		};
		7CD28AD72E98EB620075A000 /* PNGs */ = {
			isa = PBXGroup;
			children = (
				7CD28AD22E98EB620075A000 /* Collie.png */,
				7CD28AD32E98EB620075A000 /* Corgi.png */,
				7CD28AD42E98EB620075A000 /* Delmatian.png */,
				7CD28AD52E98EB620075A000 /* Husky.png */,
				7CD28AD62E98EB620075A000 /* Labrador.png */,
			);
			path = PNGs;
			sourceTree = "<group>";
		};
		7CD28AD92E98EB620075A000 /* DogBundle 2 */ = {
			isa = PBXGroup;
			children = (
				7CD28AD12E98EB620075A000 /* ASE */,
				7CD28AD72E98EB620075A000 /* PNGs */,
				7CD28AD82E98EB620075A000 /* README.txt */,
			);
			path = "DogBundle 2";
			sourceTree = "<group>";
		};
/* End PBXGroup section */

/* Begin PBXNativeTarget section */
		7C1ADD152E962B920014E10D /* Clippy */ = {
			isa = PBXNativeTarget;
			buildConfigurationList = 7C1ADD242E962B930014E10D /* Build configuration list for PBXNativeTarget "Clippy" */;
			buildPhases = (
				7C1ADD122E962B920014E10D /* Sources */,
				7C1ADD132E962B920014E10D /* Frameworks */,
				7C1ADD142E962B920014E10D /* Resources */,
			);
			buildRules = (
			);
			dependencies = (
			);
			fileSystemSynchronizedGroups = (
				7C1ADD182E962B920014E10D /* Clippy */,
			);
			name = Clippy;
			packageProductDependencies = (
				7CD28A0E2E9651760075A000 /* VecturaKit */,
				7CD28A102E9651760075A000 /* VecturaMLXKit */,
			);
			productName = Clippy;
			productReference = 7C1ADD162E962B920014E10D /* Clippy.app */;
			productType = "com.apple.product-type.application";
		};
/* End PBXNativeTarget section */

/* Begin PBXProject section */
		7C1ADD0E2E962B920014E10D /* Project object */ = {
			isa = PBXProject;
			attributes = {
				BuildIndependentTargetsInParallel = 1;
				LastSwiftUpdateCheck = 1640;
				LastUpgradeCheck = 2600;
				TargetAttributes = {
					7C1ADD152E962B920014E10D = {
						CreatedOnToolsVersion = 16.4;
					};
				};
			};
			buildConfigurationList = 7C1ADD112E962B920014E10D /* Build configuration list for PBXProject "Clippy" */;
			developmentRegion = en;
			hasScannedForEncodings = 0;
			knownRegions = (
				en,
				Base,
			);
			mainGroup = 7C1ADD0D2E962B920014E10D;
			minimizedProjectReferenceProxies = 1;
			packageReferences = (
				7CD28A0D2E9651760075A000 /* XCRemoteSwiftPackageReference "VecturaKit" */,
			);
			preferredProjectObjectVersion = 77;
			productRefGroup = 7C1ADD172E962B920014E10D /* Products */;
			projectDirPath = "";
			projectRoot = "";
			targets = (
				7C1ADD152E962B920014E10D /* Clippy */,
			);
		};
/* End PBXProject section */

/* Begin PBXResourcesBuildPhase section */
		7C1ADD142E962B920014E10D /* Resources */ = {
			isa = PBXResourcesBuildPhase;
			buildActionMask = 2147483647;
			files = (
				7CD28AF02E9900000075A000 /* map.png in Resources */,
				7CD28AF12E9900000075A000 /* agent.js in Resources */,
				7CD28AF22E9900000075A000 /* ClippyGifs in Resources */,
				7CD28AE82E98FA790075A000 /* CuteDog.gif in Resources */,
				7CD28AE62E98F1E90075A000 /* CuteDog.mov in Resources */,
			);
			runOnlyForDeploymentPostprocessing = 0;
		};
/* End PBXResourcesBuildPhase section */

/* Begin PBXSourcesBuildPhase section */
		7C1ADD122E962B920014E10D /* Sources */ = {
			isa = PBXSourcesBuildPhase;
			buildActionMask = 2147483647;
			files = (
			);
			runOnlyForDeploymentPostprocessing = 0;
		};
/* End PBXSourcesBuildPhase section */

/* Begin XCBuildConfiguration section */
		7C1ADD222E962B930014E10D /* Debug */ = {
			isa = XCBuildConfiguration;
			buildSettings = {
				ALWAYS_SEARCH_USER_PATHS = NO;
				ASSETCATALOG_COMPILER_GENERATE_SWIFT_ASSET_SYMBOL_EXTENSIONS = YES;
				CLANG_ANALYZER_NONNULL = YES;
				CLANG_ANALYZER_NUMBER_OBJECT_CONVERSION = YES_AGGRESSIVE;
				CLANG_CXX_LANGUAGE_STANDARD = "gnu++20";
				CLANG_ENABLE_MODULES = YES;
				CLANG_ENABLE_OBJC_ARC = YES;
				CLANG_ENABLE_OBJC_WEAK = YES;
				CLANG_WARN_BLOCK_CAPTURE_AUTORELEASING = YES;
				CLANG_WARN_BOOL_CONVERSION = YES;
				CLANG_WARN_COMMA = YES;
				CLANG_WARN_CONSTANT_CONVERSION = YES;
				CLANG_WARN_DEPRECATED_OBJC_IMPLEMENTATIONS = YES;
				CLANG_WARN_DIRECT_OBJC_ISA_USAGE = YES_ERROR;
				CLANG_WARN_DOCUMENTATION_COMMENTS = YES;
				CLANG_WARN_EMPTY_BODY = YES;
				CLANG_WARN_ENUM_CONVERSION = YES;
				CLANG_WARN_INFINITE_RECURSION = YES;
				CLANG_WARN_INT_CONVERSION = YES;
				CLANG_WARN_NON_LITERAL_NULL_CONVERSION = YES;
				CLANG_WARN_OBJC_IMPLICIT_RETAIN_SELF = YES;
				CLANG_WARN_OBJC_LITERAL_CONVERSION = YES;
				CLANG_WARN_OBJC_ROOT_CLASS = YES_ERROR;
				CLANG_WARN_QUOTED_INCLUDE_IN_FRAMEWORK_HEADER = YES;
				CLANG_WARN_RANGE_LOOP_ANALYSIS = YES;
				CLANG_WARN_STRICT_PROTOTYPES = YES;
				CLANG_WARN_SUSPICIOUS_MOVE = YES;
				CLANG_WARN_UNGUARDED_AVAILABILITY = YES_AGGRESSIVE;
				CLANG_WARN_UNREACHABLE_CODE = YES;
				CLANG_WARN__DUPLICATE_METHOD_MATCH = YES;
				COPY_PHASE_STRIP = NO;
				DEAD_CODE_STRIPPING = YES;
				DEBUG_INFORMATION_FORMAT = dwarf;
				DEVELOPMENT_TEAM = V4J43B279J;
				ENABLE_STRICT_OBJC_MSGSEND = YES;
				ENABLE_TESTABILITY = YES;
				ENABLE_USER_SCRIPT_SANDBOXING = YES;
				GCC_C_LANGUAGE_STANDARD = gnu17;
				GCC_DYNAMIC_NO_PIC = NO;
				GCC_NO_COMMON_BLOCKS = YES;
				GCC_OPTIMIZATION_LEVEL = 0;
				GCC_PREPROCESSOR_DEFINITIONS = (
					"DEBUG=1",
					"$(inherited)",
				);
				GCC_WARN_64_TO_32_BIT_CONVERSION = YES;
				GCC_WARN_ABOUT_RETURN_TYPE = YES_ERROR;
				GCC_WARN_UNDECLARED_SELECTOR = YES;
				GCC_WARN_UNINITIALIZED_AUTOS = YES_AGGRESSIVE;
				GCC_WARN_UNUSED_FUNCTION = YES;
				GCC_WARN_UNUSED_VARIABLE = YES;
				LOCALIZATION_PREFERS_STRING_CATALOGS = YES;
				MACOSX_DEPLOYMENT_TARGET = 15.0;
				MTL_ENABLE_DEBUG_INFO = INCLUDE_SOURCE;
				MTL_FAST_MATH = YES;
				ONLY_ACTIVE_ARCH = YES;
				SDKROOT = macosx;
				STRING_CATALOG_GENERATE_SYMBOLS = YES;
				SWIFT_ACTIVE_COMPILATION_CONDITIONS = "DEBUG $(inherited)";
				SWIFT_OPTIMIZATION_LEVEL = "-Onone";
			};
			name = Debug;
		};
		7C1ADD232E962B930014E10D /* Release */ = {
			isa = XCBuildConfiguration;
			buildSettings = {
				ALWAYS_SEARCH_USER_PATHS = NO;
				ASSETCATALOG_COMPILER_GENERATE_SWIFT_ASSET_SYMBOL_EXTENSIONS = YES;
				CLANG_ANALYZER_NONNULL = YES;
				CLANG_ANALYZER_NUMBER_OBJECT_CONVERSION = YES_AGGRESSIVE;
				CLANG_CXX_LANGUAGE_STANDARD = "gnu++20";
				CLANG_ENABLE_MODULES = YES;
				CLANG_ENABLE_OBJC_ARC = YES;
				CLANG_ENABLE_OBJC_WEAK = YES;
				CLANG_WARN_BLOCK_CAPTURE_AUTORELEASING = YES;
				CLANG_WARN_BOOL_CONVERSION = YES;
				CLANG_WARN_COMMA = YES;
				CLANG_WARN_CONSTANT_CONVERSION = YES;
				CLANG_WARN_DEPRECATED_OBJC_IMPLEMENTATIONS = YES;
				CLANG_WARN_DIRECT_OBJC_ISA_USAGE = YES_ERROR;
				CLANG_WARN_DOCUMENTATION_COMMENTS = YES;
				CLANG_WARN_EMPTY_BODY = YES;
				CLANG_WARN_ENUM_CONVERSION = YES;
				CLANG_WARN_INFINITE_RECURSION = YES;
				CLANG_WARN_INT_CONVERSION = YES;
				CLANG_WARN_NON_LITERAL_NULL_CONVERSION = YES;
				CLANG_WARN_OBJC_IMPLICIT_RETAIN_SELF = YES;
				CLANG_WARN_OBJC_LITERAL_CONVERSION = YES;
				CLANG_WARN_OBJC_ROOT_CLASS = YES_ERROR;
				CLANG_WARN_QUOTED_INCLUDE_IN_FRAMEWORK_HEADER = YES;
				CLANG_WARN_RANGE_LOOP_ANALYSIS = YES;
				CLANG_WARN_STRICT_PROTOTYPES = YES;
				CLANG_WARN_SUSPICIOUS_MOVE = YES;
				CLANG_WARN_UNGUARDED_AVAILABILITY = YES_AGGRESSIVE;
				CLANG_WARN_UNREACHABLE_CODE = YES;
				CLANG_WARN__DUPLICATE_METHOD_MATCH = YES;
				COPY_PHASE_STRIP = NO;
				DEAD_CODE_STRIPPING = YES;
				DEBUG_INFORMATION_FORMAT = "dwarf-with-dsym";
				DEVELOPMENT_TEAM = V4J43B279J;
				ENABLE_NS_ASSERTIONS = NO;
				ENABLE_STRICT_OBJC_MSGSEND = YES;
				ENABLE_USER_SCRIPT_SANDBOXING = YES;
				GCC_C_LANGUAGE_STANDARD = gnu17;
				GCC_NO_COMMON_BLOCKS = YES;
				GCC_WARN_64_TO_32_BIT_CONVERSION = YES;
				GCC_WARN_ABOUT_RETURN_TYPE = YES_ERROR;
				GCC_WARN_UNDECLARED_SELECTOR = YES;
				GCC_WARN_UNINITIALIZED_AUTOS = YES_AGGRESSIVE;
				GCC_WARN_UNUSED_FUNCTION = YES;
				GCC_WARN_UNUSED_VARIABLE = YES;
				LOCALIZATION_PREFERS_STRING_CATALOGS = YES;
				MACOSX_DEPLOYMENT_TARGET = 15.0;
				MTL_ENABLE_DEBUG_INFO = NO;
				MTL_FAST_MATH = YES;
				SDKROOT = macosx;
				STRING_CATALOG_GENERATE_SYMBOLS = YES;
				SWIFT_COMPILATION_MODE = wholemodule;
			};
			name = Release;
		};
		7C1ADD252E962B930014E10D /* Debug */ = {
			isa = XCBuildConfiguration;
			buildSettings = {
				ASSETCATALOG_COMPILER_APPICON_NAME = AppIcon;
				ASSETCATALOG_COMPILER_GLOBAL_ACCENT_COLOR_NAME = AccentColor;
				CODE_SIGN_ENTITLEMENTS = Clippy/Clippy.entitlements;
				CODE_SIGN_STYLE = Automatic;
				COMBINE_HIDPI_IMAGES = YES;
				CURRENT_PROJECT_VERSION = 1;
				DEAD_CODE_STRIPPING = YES;
				DEVELOPMENT_TEAM = V4J43B279J;
				ENABLE_HARDENED_RUNTIME = YES;
				ENABLE_PREVIEWS = YES;
				GENERATE_INFOPLIST_FILE = YES;
				INFOPLIST_KEY_NSHumanReadableCopyright = "";
				LD_RUNPATH_SEARCH_PATHS = (
					"$(inherited)",
					"@executable_path/../Frameworks",
				);
				MACOSX_DEPLOYMENT_TARGET = 15.0;
				MARKETING_VERSION = 1.0;
				PRODUCT_BUNDLE_IDENTIFIER = altic.Clippy;
				PRODUCT_NAME = "$(TARGET_NAME)";
				SWIFT_EMIT_LOC_STRINGS = YES;
				SWIFT_VERSION = 5.0;
			};
			name = Debug;
		};
		7C1ADD262E962B930014E10D /* Release */ = {
			isa = XCBuildConfiguration;
			buildSettings = {
				ASSETCATALOG_COMPILER_APPICON_NAME = AppIcon;
				ASSETCATALOG_COMPILER_GLOBAL_ACCENT_COLOR_NAME = AccentColor;
				CODE_SIGN_ENTITLEMENTS = Clippy/Clippy.entitlements;
				CODE_SIGN_STYLE = Automatic;
				COMBINE_HIDPI_IMAGES = YES;
				CURRENT_PROJECT_VERSION = 1;
				DEAD_CODE_STRIPPING = YES;
				DEVELOPMENT_TEAM = V4J43B279J;
				ENABLE_HARDENED_RUNTIME = YES;
				ENABLE_PREVIEWS = YES;
				GENERATE_INFOPLIST_FILE = YES;
				INFOPLIST_KEY_NSHumanReadableCopyright = "";
				LD_RUNPATH_SEARCH_PATHS = (
					"$(inherited)",
					"@executable_path/../Frameworks",
				);
				MACOSX_DEPLOYMENT_TARGET = 15.0;
				MARKETING_VERSION = 1.0;
				PRODUCT_BUNDLE_IDENTIFIER = altic.Clippy;
				PRODUCT_NAME = "$(TARGET_NAME)";
				SWIFT_EMIT_LOC_STRINGS = YES;
				SWIFT_VERSION = 5.0;
			};
			name = Release;
		};
/* End XCBuildConfiguration section */

/* Begin XCConfigurationList section */
		7C1ADD112E962B920014E10D /* Build configuration list for PBXProject "Clippy" */ = {
			isa = XCConfigurationList;
			buildConfigurations = (
				7C1ADD222E962B930014E10D /* Debug */,
				7C1ADD232E962B930014E10D /* Release */,
			);
			defaultConfigurationIsVisible = 0;
			defaultConfigurationName = Release;
		};
		7C1ADD242E962B930014E10D /* Build configuration list for PBXNativeTarget "Clippy" */ = {
			isa = XCConfigurationList;
			buildConfigurations = (
				7C1ADD252E962B930014E10D /* Debug */,
				7C1ADD262E962B930014E10D /* Release */,
			);
			defaultConfigurationIsVisible = 0;
			defaultConfigurationName = Release;
		};
/* End XCConfigurationList section */

/* Begin XCRemoteSwiftPackageReference section */
		7CD28A0D2E9651760075A000 /* XCRemoteSwiftPackageReference "VecturaKit" */ = {
			isa = XCRemoteSwiftPackageReference;
			repositoryURL = "https://github.com/rryam/VecturaKit.git";
			requirement = {
				branch = main;
				kind = branch;
			};
		};
/* End XCRemoteSwiftPackageReference section */

/* Begin XCSwiftPackageProductDependency section */
		7CD28A0E2E9651760075A000 /* VecturaKit */ = {
			isa = XCSwiftPackageProductDependency;
			package = 7CD28A0D2E9651760075A000 /* XCRemoteSwiftPackageReference "VecturaKit" */;
			productName = VecturaKit;
		};
		7CD28A102E9651760075A000 /* VecturaMLXKit */ = {
			isa = XCSwiftPackageProductDependency;
			package = 7CD28A0D2E9651760075A000 /* XCRemoteSwiftPackageReference "VecturaKit" */;
			productName = VecturaMLXKit;
		};
/* End XCSwiftPackageProductDependency section */
	};
	rootObject = 7C1ADD0E2E962B920014E10D /* Project object */;
}
